
Microsoft Visual Studio Solution File, Format Version 12.00
# Visual Studio Version 16
VisualStudioVersion = 16.0.29709.97
MinimumVisualStudioVersion = 10.0.40219.1
Project("{9A19103F-16F7-4668-BE54-9A1E7A4F7556}") = "ServerApp", "ServerApp\ServerApp.csproj", "{3F1CBA72-4214-4C75-82EC-6AED9D275F45}"
EndProject
Project("{E24C65DC-7377-472B-9ABA-BC803B73C61A}") = "ClientApp", "..\..\Repertorio\Repertorio\ClientApp\", "{6CB8C5FB-99F4-4464-B670-9ED3359C11B0}"
	ProjectSection(WebsiteProperties) = preProject
		TargetFrameworkMoniker = ".NETFramework,Version%3Dv4.0"
		Debug.AspNetCompiler.VirtualPath = "/localhost_54571"
		Debug.AspNetCompiler.PhysicalPath = "..\..\Repertorio\Repertorio\ClientApp\"
		Debug.AspNetCompiler.TargetPath = "PrecompiledWeb\localhost_54571\"
		Debug.AspNetCompiler.Updateable = "true"
		Debug.AspNetCompiler.ForceOverwrite = "true"
		Debug.AspNetCompiler.FixedNames = "false"
		Debug.AspNetCompiler.Debug = "True"
		Release.AspNetCompiler.VirtualPath = "/localhost_54571"
		Release.AspNetCompiler.PhysicalPath = "..\..\Repertorio\Repertorio\ClientApp\"
		Release.AspNetCompiler.TargetPath = "PrecompiledWeb\localhost_54571\"
		Release.AspNetCompiler.Updateable = "true"
		Release.AspNetCompiler.ForceOverwrite = "true"
		Release.AspNetCompiler.FixedNames = "false"
		Release.AspNetCompiler.Debug = "False"
		VWDPort = "54571"
		SlnRelativePath = "..\..\Repertorio\Repertorio\ClientApp\"
	EndProjectSection
EndProject
Global
	GlobalSection(SolutionConfigurationPlatforms) = preSolution
		Debug|Any CPU = Debug|Any CPU
		Release|Any CPU = Release|Any CPU
	EndGlobalSection
	GlobalSection(ProjectConfigurationPlatforms) = postSolution
		{3F1CBA72-4214-4C75-82EC-6AED9D275F45}.Debug|Any CPU.ActiveCfg = Debug|Any CPU
		{3F1CBA72-4214-4C75-82EC-6AED9D275F45}.Debug|Any CPU.Build.0 = Debug|Any CPU
		{3F1CBA72-4214-4C75-82EC-6AED9D275F45}.Release|Any CPU.ActiveCfg = Release|Any CPU
		{3F1CBA72-4214-4C75-82EC-6AED9D275F45}.Release|Any CPU.Build.0 = Release|Any CPU
		{6CB8C5FB-99F4-4464-B670-9ED3359C11B0}.Debug|Any CPU.ActiveCfg = Debug|Any CPU
		{6CB8C5FB-99F4-4464-B670-9ED3359C11B0}.Debug|Any CPU.Build.0 = Debug|Any CPU
		{6CB8C5FB-99F4-4464-B670-9ED3359C11B0}.Release|Any CPU.ActiveCfg = Debug|Any CPU
		{6CB8C5FB-99F4-4464-B670-9ED3359C11B0}.Release|Any CPU.Build.0 = Debug|Any CPU
	EndGlobalSection
	GlobalSection(SolutionProperties) = preSolution
		HideSolutionNode = FALSE
	EndGlobalSection
	GlobalSection(ExtensibilityGlobals) = postSolution
		SolutionGuid = {86B2FB0D-76F0-44AF-9B3D-A4BFB1E6D28C}
	EndGlobalSection
EndGlobal
